Microsoft Visual Studio Solution File, Format Version 11.00
# Visual Studio 2008

Project("{0B1C439D-EE2C-AF08-7DEE-4F52BFC751D0}") = "Dash Saber", "Assembly-CSharp.csproj", "{251E9B45-D1A0-E177-4489-C72B4B7570D9}"
EndProject
Global
	GlobalSection(SolutionConfigurationPlatforms) = preSolution
		Debug|Any CPU = Debug|Any CPU
		Release|Any CPU = Release|Any CPU
	EndGlobalSection
	GlobalSection(ProjectConfigurationPlatforms) = postSolution
		{251E9B45-D1A0-E177-4489-C72B4B7570D9}.Debug|Any CPU.ActiveCfg = Debug|Any CPU
		{251E9B45-D1A0-E177-4489-C72B4B7570D9}.Debug|Any CPU.Build.0 = Debug|Any CPU
		{251E9B45-D1A0-E177-4489-C72B4B7570D9}.Release|Any CPU.ActiveCfg = Release|Any CPU
		{251E9B45-D1A0-E177-4489-C72B4B7570D9}.Release|Any CPU.Build.0 = Release|Any CPU
	EndGlobalSection
	GlobalSection(SolutionProperties) = preSolution
		HideSolutionNode = FALSE
	EndGlobalSection
	GlobalSection(MonoDevelopProperties) = preSolution
		StartupItem = Assembly-CSharp.csproj
	EndGlobalSection
EndGlobal
